
Microsoft Visual Studio Solution File, Format Version 12.00
# Visual Studio 15
VisualStudioVersion = 15.0.27130.2024
MinimumVisualStudioVersion = 10.0.40219.1
Project("{9A19103F-16F7-4668-BE54-9A1E7A4F7556}") = "AutoServis", "Web_app3\AutoServis.csproj", "{BE5764A0-C49D-447F-BEB7-1E8B528EE988}"
EndProject
Global
	GlobalSection(SolutionConfigurationPlatforms) = preSolution
		Debug|Any CPU = Debug|Any CPU
		Release|Any CPU = Release|Any CPU
	EndGlobalSection
	GlobalSection(ProjectConfigurationPlatforms) = postSolution
		{BE5764A0-C49D-447F-BEB7-1E8B528EE988}.Debug|Any CPU.ActiveCfg = Debug|Any CPU
		{BE5764A0-C49D-447F-BEB7-1E8B528EE988}.Debug|Any CPU.Build.0 = Debug|Any CPU
		{BE5764A0-C49D-447F-BEB7-1E8B528EE988}.Release|Any CPU.ActiveCfg = Release|Any CPU
		{BE5764A0-C49D-447F-BEB7-1E8B528EE988}.Release|Any CPU.Build.0 = Release|Any CPU
	EndGlobalSection
	GlobalSection(SolutionProperties) = preSolution
		HideSolutionNode = FALSE
	EndGlobalSection
	GlobalSection(ExtensibilityGlobals) = postSolution
		SolutionGuid = {4BABF26F-50A0-45F3-8782-4736ECEB3A85}
	EndGlobalSection
EndGlobal
